
Microsoft Visual Studio Solution File, Format Version 12.00
# Visual Studio 15
VisualStudioVersion = 15.0.27703.2026
MinimumVisualStudioVersion = 10.0.40219.1
Project("{FAE04EC0-301F-11D3-BF4B-00C04F79EFBC}") = "LotteryForCESEGraduationParty", "LotteryForCESEGraduationParty.csproj", "{612C78F4-4BF5-46A5-94E3-AD1C9E188CD7}"
EndProject
Global
	GlobalSection(SolutionConfigurationPlatforms) = preSolution
		Debug|Any CPU = Debug|Any CPU
		Release|Any CPU = Release|Any CPU
	EndGlobalSection
	GlobalSection(ProjectConfigurationPlatforms) = postSolution
		{612C78F4-4BF5-46A5-94E3-AD1C9E188CD7}.Debug|Any CPU.ActiveCfg = Debug|Any CPU
		{612C78F4-4BF5-46A5-94E3-AD1C9E188CD7}.Debug|Any CPU.Build.0 = Debug|Any CPU
		{612C78F4-4BF5-46A5-94E3-AD1C9E188CD7}.Release|Any CPU.ActiveCfg = Release|Any CPU
		{612C78F4-4BF5-46A5-94E3-AD1C9E188CD7}.Release|Any CPU.Build.0 = Release|Any CPU
	EndGlobalSection
	GlobalSection(SolutionProperties) = preSolution
		HideSolutionNode = FALSE
	EndGlobalSection
	GlobalSection(ExtensibilityGlobals) = postSolution
		SolutionGuid = {D466040B-80C4-4940-AEFE-3B2BD4B97C87}
	EndGlobalSection
EndGlobal
